
Microsoft Visual Studio Solution File, Format Version 12.00
# Visual Studio 15
VisualStudioVersion = 15.0.28010.2026
MinimumVisualStudioVersion = 10.0.40219.1
Project("{FAE04EC0-301F-11D3-BF4B-00C04F79EFBC}") = "caesar", "caesar\caesar.csproj", "{A43BCF3A-93C7-45C7-897B-51406D6EBC6C}"
EndProject
Global
	GlobalSection(SolutionConfigurationPlatforms) = preSolution
		Debug|Any CPU = Debug|Any CPU
		Release|Any CPU = Release|Any CPU
	EndGlobalSection
	GlobalSection(ProjectConfigurationPlatforms) = postSolution
		{A43BCF3A-93C7-45C7-897B-51406D6EBC6C}.Debug|Any CPU.ActiveCfg = Debug|Any CPU
		{A43BCF3A-93C7-45C7-897B-51406D6EBC6C}.Debug|Any CPU.Build.0 = Debug|Any CPU
		{A43BCF3A-93C7-45C7-897B-51406D6EBC6C}.Release|Any CPU.ActiveCfg = Release|Any CPU
		{A43BCF3A-93C7-45C7-897B-51406D6EBC6C}.Release|Any CPU.Build.0 = Release|Any CPU
	EndGlobalSection
	GlobalSection(SolutionProperties) = preSolution
		HideSolutionNode = FALSE
	EndGlobalSection
	GlobalSection(ExtensibilityGlobals) = postSolution
		SolutionGuid = {21D10B8B-B460-46F3-A1B3-5E22EA5A267D}
	EndGlobalSection
EndGlobal
